
Microsoft Visual Studio Solution File, Format Version 12.00
# Visual Studio 15
VisualStudioVersion = 15.0.26730.16
MinimumVisualStudioVersion = 10.0.40219.1
Project("{FAE04EC0-301F-11D3-BF4B-00C04F79EFBC}") = "CircularSlider", "CircularSlider\CircularSlider.csproj", "{91AF0EF0-4884-4634-AE4B-DEF820B3BB6F}"
EndProject
Global
	GlobalSection(SolutionConfigurationPlatforms) = preSolution
		Debug|ARM = Debug|ARM
		Debug|x64 = Debug|x64
		Debug|x86 = Debug|x86
		Release|ARM = Release|ARM
		Release|x64 = Release|x64
		Release|x86 = Release|x86
	EndGlobalSection
	GlobalSection(ProjectConfigurationPlatforms) = postSolution
		{91AF0EF0-4884-4634-AE4B-DEF820B3BB6F}.Debug|ARM.ActiveCfg = Debug|ARM
		{91AF0EF0-4884-4634-AE4B-DEF820B3BB6F}.Debug|ARM.Build.0 = Debug|ARM
		{91AF0EF0-4884-4634-AE4B-DEF820B3BB6F}.Debug|ARM.Deploy.0 = Debug|ARM
		{91AF0EF0-4884-4634-AE4B-DEF820B3BB6F}.Debug|x64.ActiveCfg = Debug|x64
		{91AF0EF0-4884-4634-AE4B-DEF820B3BB6F}.Debug|x64.Build.0 = Debug|x64
		{91AF0EF0-4884-4634-AE4B-DEF820B3BB6F}.Debug|x64.Deploy.0 = Debug|x64
		{91AF0EF0-4884-4634-AE4B-DEF820B3BB6F}.Debug|x86.ActiveCfg = Debug|x86
		{91AF0EF0-4884-4634-AE4B-DEF820B3BB6F}.Debug|x86.Build.0 = Debug|x86
		{91AF0EF0-4884-4634-AE4B-DEF820B3BB6F}.Debug|x86.Deploy.0 = Debug|x86
		{91AF0EF0-4884-4634-AE4B-DEF820B3BB6F}.Release|ARM.ActiveCfg = Release|ARM
		{91AF0EF0-4884-4634-AE4B-DEF820B3BB6F}.Release|ARM.Build.0 = Release|ARM
		{91AF0EF0-4884-4634-AE4B-DEF820B3BB6F}.Release|ARM.Deploy.0 = Release|ARM
		{91AF0EF0-4884-4634-AE4B-DEF820B3BB6F}.Release|x64.ActiveCfg = Release|x64
		{91AF0EF0-4884-4634-AE4B-DEF820B3BB6F}.Release|x64.Build.0 = Release|x64
		{91AF0EF0-4884-4634-AE4B-DEF820B3BB6F}.Release|x64.Deploy.0 = Release|x64
		{91AF0EF0-4884-4634-AE4B-DEF820B3BB6F}.Release|x86.ActiveCfg = Release|x86
		{91AF0EF0-4884-4634-AE4B-DEF820B3BB6F}.Release|x86.Build.0 = Release|x86
		{91AF0EF0-4884-4634-AE4B-DEF820B3BB6F}.Release|x86.Deploy.0 = Release|x86
	EndGlobalSection
	GlobalSection(SolutionProperties) = preSolution
		HideSolutionNode = FALSE
	EndGlobalSection
	GlobalSection(ExtensibilityGlobals) = postSolution
		SolutionGuid = {250F79F8-86DE-429A-8E67-91876B429103}
	EndGlobalSection
EndGlobal
